// !$*UTF8*$!
{
	archiveVersion = 1;
	classes = {
	};
	objectVersion = 46;
	objects = {

/* Begin PBXBuildFile section */
		FACD39E21D99C3BF0099B4C5 /* main.m in Sources */ = {isa = PBXBuildFile; fileRef = FACD39E11D99C3BF0099B4C5 /* main.m */; };
		FACD39E51D99C3BF0099B4C5 /* AppDelegate.m in Sources */ = {isa = PBXBuildFile; fileRef = FACD39E41D99C3BF0099B4C5 /* AppDelegate.m */; };
		FACD39EB1D99C3BF0099B4C5 /* Main.storyboard in Resources */ = {isa = PBXBuildFile; fileRef = FACD39E91D99C3BF0099B4C5 /* Main.storyboard */; };
		FACD39ED1D99C3BF0099B4C5 /* Assets.xcassets in Resources */ = {isa = PBXBuildFile; fileRef = FACD39EC1D99C3BF0099B4C5 /* Assets.xcassets */; };
		FACD39F01D99C3BF0099B4C5 /* LaunchScreen.storyboard in Resources */ = {isa = PBXBuildFile; fileRef = FACD39EE1D99C3BF0099B4C5 /* LaunchScreen.storyboard */; };
		FACD39FC1D99CC6A0099B4C5 /* APBEntry.m in Sources */ = {isa = PBXBuildFile; fileRef = FACD39FB1D99CC6A0099B4C5 /* APBEntry.m */; };
		FACD39FF1D99CDF90099B4C5 /* APBEntryController.m in Sources */ = {isa = PBXBuildFile; fileRef = FACD39FE1D99CDF90099B4C5 /* APBEntryController.m */; };
		FACD3A021D99DC7C0099B4C5 /* APBEntryListTableViewController.m in Sources */ = {isa = PBXBuildFile; fileRef = FACD3A011D99DC7C0099B4C5 /* APBEntryListTableViewController.m */; };
		FACD3A051D99DC8B0099B4C5 /* APBEntryDetailViewController.m in Sources */ = {isa = PBXBuildFile; fileRef = FACD3A041D99DC8B0099B4C5 /* APBEntryDetailViewController.m */; };
/* End PBXBuildFile section */

/* Begin PBXFileReference section */
		FACD39DD1D99C3BF0099B4C5 /* Journal-C.app */ = {isa = PBXFileReference; explicitFileType = wrapper.application; includeInIndex = 0; path = "Journal-C.app"; sourceTree = BUILT_PRODUCTS_DIR; };
		FACD39E11D99C3BF0099B4C5 /* main.m */ = {isa = PBXFileReference; lastKnownFileType = sourcecode.c.objc; path = main.m; sourceTree = "<group>"; };
		FACD39E31D99C3BF0099B4C5 /* AppDelegate.h */ = {isa = PBXFileReference; lastKnownFileType = sourcecode.c.h; path = AppDelegate.h; sourceTree = "<group>"; };
		FACD39E41D99C3BF0099B4C5 /* AppDelegate.m */ = {isa = PBXFileReference; lastKnownFileType = sourcecode.c.objc; path = AppDelegate.m; sourceTree = "<group>"; };
		FACD39EA1D99C3BF0099B4C5 /* Base */ = {isa = PBXFileReference; lastKnownFileType = file.storyboard; name = Base; path = Base.lproj/Main.storyboard; sourceTree = "<group>"; };
		FACD39EC1D99C3BF0099B4C5 /* Assets.xcassets */ = {isa = PBXFileReference; lastKnownFileType = folder.assetcatalog; path = Assets.xcassets; sourceTree = "<group>"; };
		FACD39EF1D99C3BF0099B4C5 /* Base */ = {isa = PBXFileReference; lastKnownFileType = file.storyboard; name = Base; path = Base.lproj/LaunchScreen.storyboard; sourceTree = "<group>"; };
		FACD39F11D99C3BF0099B4C5 /* Info.plist */ = {isa = PBXFileReference; lastKnownFileType = text.plist.xml; path = Info.plist; sourceTree = "<group>"; };
		FACD39FA1D99CC6A0099B4C5 /* APBEntry.h */ = {isa = PBXFileReference; fileEncoding = 4; lastKnownFileType = sourcecode.c.h; path = APBEntry.h; sourceTree = "<group>"; };
		FACD39FB1D99CC6A0099B4C5 /* APBEntry.m */ = {isa = PBXFileReference; fileEncoding = 4; lastKnownFileType = sourcecode.c.objc; path = APBEntry.m; sourceTree = "<group>"; };
		FACD39FD1D99CDF90099B4C5 /* APBEntryController.h */ = {isa = PBXFileReference; fileEncoding = 4; lastKnownFileType = sourcecode.c.h; path = APBEntryController.h; sourceTree = "<group>"; };
		FACD39FE1D99CDF90099B4C5 /* APBEntryController.m */ = {isa = PBXFileReference; fileEncoding = 4; lastKnownFileType = sourcecode.c.objc; path = APBEntryController.m; sourceTree = "<group>"; };
		FACD3A001D99DC7C0099B4C5 /* APBEntryListTableViewController.h */ = {isa = PBXFileReference; fileEncoding = 4; lastKnownFileType = sourcecode.c.h; path = APBEntryListTableViewController.h; sourceTree = "<group>"; };
		FACD3A011D99DC7C0099B4C5 /* APBEntryListTableViewController.m */ = {isa = PBXFileReference; fileEncoding = 4; lastKnownFileType = sourcecode.c.objc; path = APBEntryListTableViewController.m; sourceTree = "<group>"; };
		FACD3A031D99DC8B0099B4C5 /* APBEntryDetailViewController.h */ = {isa = PBXFileReference; fileEncoding = 4; lastKnownFileType = sourcecode.c.h; path = APBEntryDetailViewController.h; sourceTree = "<group>"; };
		FACD3A041D99DC8B0099B4C5 /* APBEntryDetailViewController.m */ = {isa = PBXFileReference; fileEncoding = 4; lastKnownFileType = sourcecode.c.objc; path = APBEntryDetailViewController.m; sourceTree = "<group>"; };
/* End PBXFileReference section */

/* Begin PBXFrameworksBuildPhase section */
		FACD39DA1D99C3BF0099B4C5 /* Frameworks */ = {
			isa = PBXFrameworksBuildPhase;
			buildActionMask = 2147483647;
			files = (
			);
			runOnlyForDeploymentPostprocessing = 0;
		};
/* End PBXFrameworksBuildPhase section */

/* Begin PBXGroup section */
		FACD39D41D99C3BF0099B4C5 = {
			isa = PBXGroup;
			children = (
				FACD39DF1D99C3BF0099B4C5 /* Journal-C */,
				FACD39DE1D99C3BF0099B4C5 /* Products */,
			);
			sourceTree = "<group>";
		};
		FACD39DE1D99C3BF0099B4C5 /* Products */ = {
			isa = PBXGroup;
			children = (
				FACD39DD1D99C3BF0099B4C5 /* Journal-C.app */,
			);
			name = Products;
			sourceTree = "<group>";
		};
		FACD39DF1D99C3BF0099B4C5 /* Journal-C */ = {
			isa = PBXGroup;
			children = (
				FACD39F91D99CC480099B4C5 /* ViewController */,
				FACD39F81D99CC3D0099B4C5 /* ModelController */,
				FACD39F71D99CC360099B4C5 /* Model */,
				FACD39E31D99C3BF0099B4C5 /* AppDelegate.h */,
				FACD39E41D99C3BF0099B4C5 /* AppDelegate.m */,
				FACD39E91D99C3BF0099B4C5 /* Main.storyboard */,
				FACD39EC1D99C3BF0099B4C5 /* Assets.xcassets */,
				FACD39EE1D99C3BF0099B4C5 /* LaunchScreen.storyboard */,
				FACD39F11D99C3BF0099B4C5 /* Info.plist */,
				FACD39E01D99C3BF0099B4C5 /* Supporting Files */,
			);
			path = "Journal-C";
			sourceTree = "<group>";
		};
		FACD39E01D99C3BF0099B4C5 /* Supporting Files */ = {
			isa = PBXGroup;
			children = (
				FACD39E11D99C3BF0099B4C5 /* main.m */,
			);
			name = "Supporting Files";
			sourceTree = "<group>";
		};
		FACD39F71D99CC360099B4C5 /* Model */ = {
			isa = PBXGroup;
			children = (
				FACD39FA1D99CC6A0099B4C5 /* APBEntry.h */,
				FACD39FB1D99CC6A0099B4C5 /* APBEntry.m */,
			);
			name = Model;
			sourceTree = "<group>";
		};
		FACD39F81D99CC3D0099B4C5 /* ModelController */ = {
			isa = PBXGroup;
			children = (
				FACD39FD1D99CDF90099B4C5 /* APBEntryController.h */,
				FACD39FE1D99CDF90099B4C5 /* APBEntryController.m */,
			);
			name = ModelController;
			sourceTree = "<group>";
		};
		FACD39F91D99CC480099B4C5 /* ViewController */ = {
			isa = PBXGroup;
			children = (
				FACD3A001D99DC7C0099B4C5 /* APBEntryListTableViewController.h */,
				FACD3A011D99DC7C0099B4C5 /* APBEntryListTableViewController.m */,
				FACD3A031D99DC8B0099B4C5 /* APBEntryDetailViewController.h */,
				FACD3A041D99DC8B0099B4C5 /* APBEntryDetailViewController.m */,
			);
			name = ViewController;
			sourceTree = "<group>";
		};
/* End PBXGroup section */

/* Begin PBXNativeTarget section */
		FACD39DC1D99C3BF0099B4C5 /* Journal-C */ = {
			isa = PBXNativeTarget;
			buildConfigurationList = FACD39F41D99C3BF0099B4C5 /* Build configuration list for PBXNativeTarget "Journal-C" */;
			buildPhases = (
				FACD39D91D99C3BF0099B4C5 /* Sources */,
				FACD39DA1D99C3BF0099B4C5 /* Frameworks */,
				FACD39DB1D99C3BF0099B4C5 /* Resources */,
			);
			buildRules = (
			);
			dependencies = (
			);
			name = "Journal-C";
			productName = "Journal-C";
			productReference = FACD39DD1D99C3BF0099B4C5 /* Journal-C.app */;
			productType = "com.apple.product-type.application";
		};
/* End PBXNativeTarget section */

/* Begin PBXProject section */
		FACD39D51D99C3BF0099B4C5 /* Project object */ = {
			isa = PBXProject;
			attributes = {
				CLASSPREFIX = APB;
				LastUpgradeCheck = 0730;
				ORGANIZATIONNAME = "Austin Blaser";
				TargetAttributes = {
					FACD39DC1D99C3BF0099B4C5 = {
						CreatedOnToolsVersion = 7.3.1;
					};
				};
			};
			buildConfigurationList = FACD39D81D99C3BF0099B4C5 /* Build configuration list for PBXProject "Journal-C" */;
			compatibilityVersion = "Xcode 3.2";
			developmentRegion = English;
			hasScannedForEncodings = 0;
			knownRegions = (
				en,
				Base,
			);
			mainGroup = FACD39D41D99C3BF0099B4C5;
			productRefGroup = FACD39DE1D99C3BF0099B4C5 /* Products */;
			projectDirPath = "";
			projectRoot = "";
			targets = (
				FACD39DC1D99C3BF0099B4C5 /* Journal-C */,
			);
		};
/* End PBXProject section */

/* Begin PBXResourcesBuildPhase section */
		FACD39DB1D99C3BF0099B4C5 /* Resources */ = {
			isa = PBXResourcesBuildPhase;
			buildActionMask = 2147483647;
			files = (
				FACD39F01D99C3BF0099B4C5 /* LaunchScreen.storyboard in Resources */,
				FACD39ED1D99C3BF0099B4C5 /* Assets.xcassets in Resources */,
				FACD39EB1D99C3BF0099B4C5 /* Main.storyboard in Resources */,
			);
			runOnlyForDeploymentPostprocessing = 0;
		};
/* End PBXResourcesBuildPhase section */

/* Begin PBXSourcesBuildPhase section */
		FACD39D91D99C3BF0099B4C5 /* Sources */ = {
			isa = PBXSourcesBuildPhase;
			buildActionMask = 2147483647;
			files = (
				FACD39FF1D99CDF90099B4C5 /* APBEntryController.m in Sources */,
				FACD3A051D99DC8B0099B4C5 /* APBEntryDetailViewController.m in Sources */,
				FACD3A021D99DC7C0099B4C5 /* APBEntryListTableViewController.m in Sources */,
				FACD39E51D99C3BF0099B4C5 /* AppDelegate.m in Sources */,
				FACD39FC1D99CC6A0099B4C5 /* APBEntry.m in Sources */,
				FACD39E21D99C3BF0099B4C5 /* main.m in Sources */,
			);
			runOnlyForDeploymentPostprocessing = 0;
		};
/* End PBXSourcesBuildPhase section */

/* Begin PBXVariantGroup section */
		FACD39E91D99C3BF0099B4C5 /* Main.storyboard */ = {
			isa = PBXVariantGroup;
			children = (
				FACD39EA1D99C3BF0099B4C5 /* Base */,
			);
			name = Main.storyboard;
			sourceTree = "<group>";
		};
		FACD39EE1D99C3BF0099B4C5 /* LaunchScreen.storyboard */ = {
			isa = PBXVariantGroup;
			children = (
				FACD39EF1D99C3BF0099B4C5 /* Base */,
			);
			name = LaunchScreen.storyboard;
			sourceTree = "<group>";
		};
/* End PBXVariantGroup section */

/* Begin XCBuildConfiguration section */
		FACD39F21D99C3BF0099B4C5 /* Debug */ = {
			isa = XCBuildConfiguration;
			buildSettings = {
				ALWAYS_SEARCH_USER_PATHS = NO;
				CLANG_ANALYZER_NONNULL = YES;
				CLANG_CXX_LANGUAGE_STANDARD = "gnu++0x";
				CLANG_CXX_LIBRARY = "libc++";
				CLANG_ENABLE_MODULES = YES;
				CLANG_ENABLE_OBJC_ARC = YES;
				CLANG_WARN_BOOL_CONVERSION = YES;
				CLANG_WARN_CONSTANT_CONVERSION = YES;
				CLANG_WARN_DIRECT_OBJC_ISA_USAGE = YES_ERROR;
				CLANG_WARN_EMPTY_BODY = YES;
				CLANG_WARN_ENUM_CONVERSION = YES;
				CLANG_WARN_INT_CONVERSION = YES;
				CLANG_WARN_OBJC_ROOT_CLASS = YES_ERROR;
				CLANG_WARN_UNREACHABLE_CODE = YES;
				CLANG_WARN__DUPLICATE_METHOD_MATCH = YES;
				"CODE_SIGN_IDENTITY[sdk=iphoneos*]" = "iPhone Developer";
				COPY_PHASE_STRIP = NO;
				DEBUG_INFORMATION_FORMAT = dwarf;
				ENABLE_STRICT_OBJC_MSGSEND = YES;
				ENABLE_TESTABILITY = YES;
				GCC_C_LANGUAGE_STANDARD = gnu99;
				GCC_DYNAMIC_NO_PIC = NO;
				GCC_NO_COMMON_BLOCKS = YES;
				GCC_OPTIMIZATION_LEVEL = 0;
				GCC_PREPROCESSOR_DEFINITIONS = (
					"DEBUG=1",
					"$(inherited)",
				);
				GCC_WARN_64_TO_32_BIT_CONVERSION = YES;
				GCC_WARN_ABOUT_RETURN_TYPE = YES_ERROR;
				GCC_WARN_UNDECLARED_SELECTOR = YES;
				GCC_WARN_UNINITIALIZED_AUTOS = YES_AGGRESSIVE;
				GCC_WARN_UNUSED_FUNCTION = YES;
				GCC_WARN_UNUSED_VARIABLE = YES;
				IPHONEOS_DEPLOYMENT_TARGET = 9.3;
				MTL_ENABLE_DEBUG_INFO = YES;
				ONLY_ACTIVE_ARCH = YES;
				SDKROOT = iphoneos;
				TARGETED_DEVICE_FAMILY = "1,2";
			};
			name = Debug;
		};
		FACD39F31D99C3BF0099B4C5 /* Release */ = {
			isa = XCBuildConfiguration;
			buildSettings = {
				ALWAYS_SEARCH_USER_PATHS = NO;
				CLANG_ANALYZER_NONNULL = YES;
				CLANG_CXX_LANGUAGE_STANDARD = "gnu++0x";
				CLANG_CXX_LIBRARY = "libc++";
				CLANG_ENABLE_MODULES = YES;
				CLANG_ENABLE_OBJC_ARC = YES;
				CLANG_WARN_BOOL_CONVERSION = YES;
				CLANG_WARN_CONSTANT_CONVERSION = YES;
				CLANG_WARN_DIRECT_OBJC_ISA_USAGE = YES_ERROR;
				CLANG_WARN_EMPTY_BODY = YES;
				CLANG_WARN_ENUM_CONVERSION = YES;
				CLANG_WARN_INT_CONVERSION = YES;
				CLANG_WARN_OBJC_ROOT_CLASS = YES_ERROR;
				CLANG_WARN_UNREACHABLE_CODE = YES;
				CLANG_WARN__DUPLICATE_METHOD_MATCH = YES;
				"CODE_SIGN_IDENTITY[sdk=iphoneos*]" = "iPhone Developer";
				COPY_PHASE_STRIP = NO;
				DEBUG_INFORMATION_FORMAT = "dwarf-with-dsym";
				ENABLE_NS_ASSERTIONS = NO;
				ENABLE_STRICT_OBJC_MSGSEND = YES;
				GCC_C_LANGUAGE_STANDARD = gnu99;
				GCC_NO_COMMON_BLOCKS = YES;
				GCC_WARN_64_TO_32_BIT_CONVERSION = YES;
				GCC_WARN_ABOUT_RETURN_TYPE = YES_ERROR;
				GCC_WARN_UNDECLARED_SELECTOR = YES;
				GCC_WARN_UNINITIALIZED_AUTOS = YES_AGGRESSIVE;
				GCC_WARN_UNUSED_FUNCTION = YES;
				GCC_WARN_UNUSED_VARIABLE = YES;
				IPHONEOS_DEPLOYMENT_TARGET = 9.3;
				MTL_ENABLE_DEBUG_INFO = NO;
				SDKROOT = iphoneos;
				TARGETED_DEVICE_FAMILY = "1,2";
				VALIDATE_PRODUCT = YES;
			};
			name = Release;
		};
		FACD39F51D99C3BF0099B4C5 /* Debug */ = {
			isa = XCBuildConfiguration;
			buildSettings = {
				ASSETCATALOG_COMPILER_APPICON_NAME = AppIcon;
				INFOPLIST_FILE = "Journal-C/Info.plist";
				LD_RUNPATH_SEARCH_PATHS = "$(inherited) @executable_path/Frameworks";
				PRODUCT_BUNDLE_IDENTIFIER = "com.AustinBlaser.Journal-C";
				PRODUCT_NAME = "$(TARGET_NAME)";
			};
			name = Debug;
		};
		FACD39F61D99C3BF0099B4C5 /* Release */ = {
			isa = XCBuildConfiguration;
			buildSettings = {
				ASSETCATALOG_COMPILER_APPICON_NAME = AppIcon;
				INFOPLIST_FILE = "Journal-C/Info.plist";
				LD_RUNPATH_SEARCH_PATHS = "$(inherited) @executable_path/Frameworks";
				PRODUCT_BUNDLE_IDENTIFIER = "com.AustinBlaser.Journal-C";
				PRODUCT_NAME = "$(TARGET_NAME)";
			};
			name = Release;
		};
/* End XCBuildConfiguration section */

/* Begin XCConfigurationList section */
		FACD39D81D99C3BF0099B4C5 /* Build configuration list for PBXProject "Journal-C" */ = {
			isa = XCConfigurationList;
			buildConfigurations = (
				FACD39F21D99C3BF0099B4C5 /* Debug */,
				FACD39F31D99C3BF0099B4C5 /* Release */,
			);
			defaultConfigurationIsVisible = 0;
			defaultConfigurationName = Release;
		};
		FACD39F41D99C3BF0099B4C5 /* Build configuration list for PBXNativeTarget "Journal-C" */ = {
			isa = XCConfigurationList;
			buildConfigurations = (
				FACD39F51D99C3BF0099B4C5 /* Debug */,
				FACD39F61D99C3BF0099B4C5 /* Release */,
			);
			defaultConfigurationIsVisible = 0;
		};
/* End XCConfigurationList section */
	};
	rootObject = FACD39D51D99C3BF0099B4C5 /* Project object */;
}
